// !$*UTF8*$!
{
	archiveVersion = 1;
	classes = {
	};
	objectVersion = 46;
	objects = {

/* Begin PBXBuildFile section */
		5508F97E1648C22F000C7DF0 /* CCDataPoint.m in Sources */ = {isa = PBXBuildFile; fileRef = 5508F97D1648C22F000C7DF0 /* CCDataPoint.m */; };
		5508F98A1648C362000C7DF0 /* CCPieChartView.m in Sources */ = {isa = PBXBuildFile; fileRef = 5508F9891648C362000C7DF0 /* CCPieChartView.m */; };
		5508F98C1648C4AC000C7DF0 /* UIKit.framework in Frameworks */ = {isa = PBXBuildFile; fileRef = 5508F98B1648C4AC000C7DF0 /* UIKit.framework */; };
		551964771648B69E005B639F /* Foundation.framework in Frameworks */ = {isa = PBXBuildFile; fileRef = 551964761648B69E005B639F /* Foundation.framework */; };
		551964861648B69F005B639F /* SenTestingKit.framework in Frameworks */ = {isa = PBXBuildFile; fileRef = 551964851648B69F005B639F /* SenTestingKit.framework */; };
		551964891648B69F005B639F /* Foundation.framework in Frameworks */ = {isa = PBXBuildFile; fileRef = 551964761648B69E005B639F /* Foundation.framework */; };
		5519648C1648B69F005B639F /* libCoreCharts.a in Frameworks */ = {isa = PBXBuildFile; fileRef = 551964731648B69E005B639F /* libCoreCharts.a */; };
		551964921648B69F005B639F /* InfoPlist.strings in Resources */ = {isa = PBXBuildFile; fileRef = 551964901648B69F005B639F /* InfoPlist.strings */; };
		551964951648B69F005B639F /* CoreChartsTests.m in Sources */ = {isa = PBXBuildFile; fileRef = 551964941648B69F005B639F /* CoreChartsTests.m */; };
/* End PBXBuildFile section */

/* Begin PBXContainerItemProxy section */
		5519648A1648B69F005B639F /* PBXContainerItemProxy */ = {
			isa = PBXContainerItemProxy;
			containerPortal = 5519646A1648B69D005B639F /* Project object */;
			proxyType = 1;
			remoteGlobalIDString = 551964721648B69D005B639F;
			remoteInfo = CoreCharts;
		};
/* End PBXContainerItemProxy section */

/* Begin PBXCopyFilesBuildPhase section */
		551964711648B69D005B639F /* CopyFiles */ = {
			isa = PBXCopyFilesBuildPhase;
			buildActionMask = 2147483647;
			dstPath = "include/${PRODUCT_NAME}";
			dstSubfolderSpec = 16;
			files = (
			);
			runOnlyForDeploymentPostprocessing = 0;
		};
/* End PBXCopyFilesBuildPhase section */

/* Begin PBXFileReference section */
		5508F97C1648C22F000C7DF0 /* CCDataPoint.h */ = {isa = PBXFileReference; fileEncoding = 4; lastKnownFileType = sourcecode.c.h; path = CCDataPoint.h; sourceTree = "<group>"; };
		5508F97D1648C22F000C7DF0 /* CCDataPoint.m */ = {isa = PBXFileReference; fileEncoding = 4; lastKnownFileType = sourcecode.c.objc; path = CCDataPoint.m; sourceTree = "<group>"; };
		5508F9881648C362000C7DF0 /* CCPieChartView.h */ = {isa = PBXFileReference; fileEncoding = 4; lastKnownFileType = sourcecode.c.h; path = CCPieChartView.h; sourceTree = "<group>"; };
		5508F9891648C362000C7DF0 /* CCPieChartView.m */ = {isa = PBXFileReference; fileEncoding = 4; lastKnownFileType = sourcecode.c.objc; path = CCPieChartView.m; sourceTree = "<group>"; };
		5508F98B1648C4AC000C7DF0 /* UIKit.framework */ = {isa = PBXFileReference; lastKnownFileType = wrapper.framework; name = UIKit.framework; path = System/Library/Frameworks/UIKit.framework; sourceTree = SDKROOT; };
		551964731648B69E005B639F /* libCoreCharts.a */ = {isa = PBXFileReference; explicitFileType = archive.ar; includeInIndex = 0; path = libCoreCharts.a; sourceTree = BUILT_PRODUCTS_DIR; };
		551964761648B69E005B639F /* Foundation.framework */ = {isa = PBXFileReference; lastKnownFileType = wrapper.framework; name = Foundation.framework; path = System/Library/Frameworks/Foundation.framework; sourceTree = SDKROOT; };
		5519647A1648B69E005B639F /* CoreCharts-Prefix.pch */ = {isa = PBXFileReference; lastKnownFileType = sourcecode.c.h; path = "CoreCharts-Prefix.pch"; sourceTree = "<group>"; };
		551964841648B69F005B639F /* CoreChartsTests.octest */ = {isa = PBXFileReference; explicitFileType = wrapper.cfbundle; includeInIndex = 0; path = CoreChartsTests.octest; sourceTree = BUILT_PRODUCTS_DIR; };
		551964851648B69F005B639F /* SenTestingKit.framework */ = {isa = PBXFileReference; lastKnownFileType = wrapper.framework; name = SenTestingKit.framework; path = Library/Frameworks/SenTestingKit.framework; sourceTree = DEVELOPER_DIR; };
		5519648F1648B69F005B639F /* CoreChartsTests-Info.plist */ = {isa = PBXFileReference; lastKnownFileType = text.plist.xml; path = "CoreChartsTests-Info.plist"; sourceTree = "<group>"; };
		551964911648B69F005B639F /* en */ = {isa = PBXFileReference; lastKnownFileType = text.plist.strings; name = en; path = en.lproj/InfoPlist.strings; sourceTree = "<group>"; };
		551964931648B69F005B639F /* CoreChartsTests.h */ = {isa = PBXFileReference; lastKnownFileType = sourcecode.c.h; path = CoreChartsTests.h; sourceTree = "<group>"; };
		551964941648B69F005B639F /* CoreChartsTests.m */ = {isa = PBXFileReference; lastKnownFileType = sourcecode.c.objc; path = CoreChartsTests.m; sourceTree = "<group>"; };
/* End PBXFileReference section */

/* Begin PBXFrameworksBuildPhase section */
		551964701648B69D005B639F /* Frameworks */ = {
			isa = PBXFrameworksBuildPhase;
			buildActionMask = 2147483647;
			files = (
				551964771648B69E005B639F /* Foundation.framework in Frameworks */,
				5508F98C1648C4AC000C7DF0 /* UIKit.framework in Frameworks */,
			);
			runOnlyForDeploymentPostprocessing = 0;
		};
		551964801648B69F005B639F /* Frameworks */ = {
			isa = PBXFrameworksBuildPhase;
			buildActionMask = 2147483647;
			files = (
				551964861648B69F005B639F /* SenTestingKit.framework in Frameworks */,
				551964891648B69F005B639F /* Foundation.framework in Frameworks */,
				5519648C1648B69F005B639F /* libCoreCharts.a in Frameworks */,
			);
			runOnlyForDeploymentPostprocessing = 0;
		};
/* End PBXFrameworksBuildPhase section */

/* Begin PBXGroup section */
		5508F97A1648C20B000C7DF0 /* Models */ = {
			isa = PBXGroup;
			children = (
				5508F97C1648C22F000C7DF0 /* CCDataPoint.h */,
				5508F97D1648C22F000C7DF0 /* CCDataPoint.m */,
			);
			name = Models;
			sourceTree = "<group>";
		};
		5508F97F1648C236000C7DF0 /* Views */ = {
			isa = PBXGroup;
			children = (
				5508F9881648C362000C7DF0 /* CCPieChartView.h */,
				5508F9891648C362000C7DF0 /* CCPieChartView.m */,
			);
			name = Views;
			sourceTree = "<group>";
		};
		551964681648B69D005B639F = {
			isa = PBXGroup;
			children = (
				551964781648B69E005B639F /* CoreCharts */,
				5519648D1648B69F005B639F /* CoreChartsTests */,
				551964751648B69E005B639F /* Frameworks */,
				551964741648B69E005B639F /* Products */,
			);
			sourceTree = "<group>";
		};
		551964741648B69E005B639F /* Products */ = {
			isa = PBXGroup;
			children = (
				551964731648B69E005B639F /* libCoreCharts.a */,
				551964841648B69F005B639F /* CoreChartsTests.octest */,
			);
			name = Products;
			sourceTree = "<group>";
		};
		551964751648B69E005B639F /* Frameworks */ = {
			isa = PBXGroup;
			children = (
				551964761648B69E005B639F /* Foundation.framework */,
				551964851648B69F005B639F /* SenTestingKit.framework */,
				5508F98B1648C4AC000C7DF0 /* UIKit.framework */,
			);
			name = Frameworks;
			sourceTree = "<group>";
		};
		551964781648B69E005B639F /* CoreCharts */ = {
			isa = PBXGroup;
			children = (
				5508F97F1648C236000C7DF0 /* Views */,
				5508F97A1648C20B000C7DF0 /* Models */,
				551964791648B69E005B639F /* Supporting Files */,
			);
			path = CoreCharts;
			sourceTree = "<group>";
		};
		551964791648B69E005B639F /* Supporting Files */ = {
			isa = PBXGroup;
			children = (
				5519647A1648B69E005B639F /* CoreCharts-Prefix.pch */,
			);
			name = "Supporting Files";
			sourceTree = "<group>";
		};
		5519648D1648B69F005B639F /* CoreChartsTests */ = {
			isa = PBXGroup;
			children = (
				551964931648B69F005B639F /* CoreChartsTests.h */,
				551964941648B69F005B639F /* CoreChartsTests.m */,
				5519648E1648B69F005B639F /* Supporting Files */,
			);
			path = CoreChartsTests;
			sourceTree = "<group>";
		};
		5519648E1648B69F005B639F /* Supporting Files */ = {
			isa = PBXGroup;
			children = (
				5519648F1648B69F005B639F /* CoreChartsTests-Info.plist */,
				551964901648B69F005B639F /* InfoPlist.strings */,
			);
			name = "Supporting Files";
			sourceTree = "<group>";
		};
/* End PBXGroup section */

/* Begin PBXNativeTarget section */
		551964721648B69D005B639F /* CoreCharts */ = {
			isa = PBXNativeTarget;
			buildConfigurationList = 551964981648B69F005B639F /* Build configuration list for PBXNativeTarget "CoreCharts" */;
			buildPhases = (
				5519646F1648B69D005B639F /* Sources */,
				551964701648B69D005B639F /* Frameworks */,
				551964711648B69D005B639F /* CopyFiles */,
			);
			buildRules = (
			);
			dependencies = (
			);
			name = CoreCharts;
			productName = CoreCharts;
			productReference = 551964731648B69E005B639F /* libCoreCharts.a */;
			productType = "com.apple.product-type.library.static";
		};
		551964831648B69F005B639F /* CoreChartsTests */ = {
			isa = PBXNativeTarget;
			buildConfigurationList = 5519649B1648B69F005B639F /* Build configuration list for PBXNativeTarget "CoreChartsTests" */;
			buildPhases = (
				5519647F1648B69F005B639F /* Sources */,
				551964801648B69F005B639F /* Frameworks */,
				551964811648B69F005B639F /* Resources */,
				551964821648B69F005B639F /* ShellScript */,
			);
			buildRules = (
			);
			dependencies = (
				5519648B1648B69F005B639F /* PBXTargetDependency */,
			);
			name = CoreChartsTests;
			productName = CoreChartsTests;
			productReference = 551964841648B69F005B639F /* CoreChartsTests.octest */;
			productType = "com.apple.product-type.bundle";
		};
/* End PBXNativeTarget section */

/* Begin PBXProject section */
		5519646A1648B69D005B639F /* Project object */ = {
			isa = PBXProject;
			attributes = {
				LastUpgradeCheck = 0450;
				ORGANIZATIONNAME = 1morepx;
			};
			buildConfigurationList = 5519646D1648B69D005B639F /* Build configuration list for PBXProject "CoreCharts" */;
			compatibilityVersion = "Xcode 3.2";
			developmentRegion = English;
			hasScannedForEncodings = 0;
			knownRegions = (
				en,
			);
			mainGroup = 551964681648B69D005B639F;
			productRefGroup = 551964741648B69E005B639F /* Products */;
			projectDirPath = "";
			projectRoot = "";
			targets = (
				551964721648B69D005B639F /* CoreCharts */,
				551964831648B69F005B639F /* CoreChartsTests */,
			);
		};
/* End PBXProject section */

/* Begin PBXResourcesBuildPhase section */
		551964811648B69F005B639F /* Resources */ = {
			isa = PBXResourcesBuildPhase;
			buildActionMask = 2147483647;
			files = (
				551964921648B69F005B639F /* InfoPlist.strings in Resources */,
			);
			runOnlyForDeploymentPostprocessing = 0;
		};
/* End PBXResourcesBuildPhase section */

/* Begin PBXShellScriptBuildPhase section */
		551964821648B69F005B639F /* ShellScript */ = {
			isa = PBXShellScriptBuildPhase;
			buildActionMask = 2147483647;
			files = (
			);
			inputPaths = (
			);
			outputPaths = (
			);
			runOnlyForDeploymentPostprocessing = 0;
			shellPath = /bin/sh;
			shellScript = "# Run the unit tests in this test bundle.\n\"${SYSTEM_DEVELOPER_DIR}/Tools/RunUnitTests\"\n";
		};
/* End PBXShellScriptBuildPhase section */

/* Begin PBXSourcesBuildPhase section */
		5519646F1648B69D005B639F /* Sources */ = {
			isa = PBXSourcesBuildPhase;
			buildActionMask = 2147483647;
			files = (
				5508F97E1648C22F000C7DF0 /* CCDataPoint.m in Sources */,
				5508F98A1648C362000C7DF0 /* CCPieChartView.m in Sources */,
			);
			runOnlyForDeploymentPostprocessing = 0;
		};
		5519647F1648B69F005B639F /* Sources */ = {
			isa = PBXSourcesBuildPhase;
			buildActionMask = 2147483647;
			files = (
				551964951648B69F005B639F /* CoreChartsTests.m in Sources */,
			);
			runOnlyForDeploymentPostprocessing = 0;
		};
/* End PBXSourcesBuildPhase section */

/* Begin PBXTargetDependency section */
		5519648B1648B69F005B639F /* PBXTargetDependency */ = {
			isa = PBXTargetDependency;
			target = 551964721648B69D005B639F /* CoreCharts */;
			targetProxy = 5519648A1648B69F005B639F /* PBXContainerItemProxy */;
		};
/* End PBXTargetDependency section */

/* Begin PBXVariantGroup section */
		551964901648B69F005B639F /* InfoPlist.strings */ = {
			isa = PBXVariantGroup;
			children = (
				551964911648B69F005B639F /* en */,
			);
			name = InfoPlist.strings;
			sourceTree = "<group>";
		};
/* End PBXVariantGroup section */

/* Begin XCBuildConfiguration section */
		551964961648B69F005B639F /* Debug */ = {
			isa = XCBuildConfiguration;
			buildSettings = {
				ALWAYS_SEARCH_USER_PATHS = NO;
				CLANG_CXX_LANGUAGE_STANDARD = "gnu++0x";
				CLANG_CXX_LIBRARY = "libc++";
				CLANG_ENABLE_OBJC_ARC = YES;
				CLANG_WARN_EMPTY_BODY = YES;
				CLANG_WARN__DUPLICATE_METHOD_MATCH = YES;
				COPY_PHASE_STRIP = NO;
				GCC_C_LANGUAGE_STANDARD = gnu99;
				GCC_DYNAMIC_NO_PIC = NO;
				GCC_OPTIMIZATION_LEVEL = 0;
				GCC_PREPROCESSOR_DEFINITIONS = (
					"DEBUG=1",
					"$(inherited)",
				);
				GCC_SYMBOLS_PRIVATE_EXTERN = NO;
				GCC_WARN_ABOUT_RETURN_TYPE = YES;
				GCC_WARN_UNINITIALIZED_AUTOS = YES;
				GCC_WARN_UNUSED_VARIABLE = YES;
				IPHONEOS_DEPLOYMENT_TARGET = 6.0;
				ONLY_ACTIVE_ARCH = YES;
				SDKROOT = iphoneos;
			};
			name = Debug;
		};
		551964971648B69F005B639F /* Release */ = {
			isa = XCBuildConfiguration;
			buildSettings = {
				ALWAYS_SEARCH_USER_PATHS = NO;
				CLANG_CXX_LANGUAGE_STANDARD = "gnu++0x";
				CLANG_CXX_LIBRARY = "libc++";
				CLANG_ENABLE_OBJC_ARC = YES;
				CLANG_WARN_EMPTY_BODY = YES;
				CLANG_WARN__DUPLICATE_METHOD_MATCH = YES;
				COPY_PHASE_STRIP = YES;
				GCC_C_LANGUAGE_STANDARD = gnu99;
				GCC_WARN_ABOUT_RETURN_TYPE = YES;
				GCC_WARN_UNINITIALIZED_AUTOS = YES;
				GCC_WARN_UNUSED_VARIABLE = YES;
				IPHONEOS_DEPLOYMENT_TARGET = 6.0;
				SDKROOT = iphoneos;
				VALIDATE_PRODUCT = YES;
			};
			name = Release;
		};
		551964991648B69F005B639F /* Debug */ = {
			isa = XCBuildConfiguration;
			buildSettings = {
				DSTROOT = /tmp/CoreCharts.dst;
				GCC_PRECOMPILE_PREFIX_HEADER = YES;
				GCC_PREFIX_HEADER = "CoreCharts/CoreCharts-Prefix.pch";
				OTHER_LDFLAGS = "-ObjC";
				PRODUCT_NAME = "$(TARGET_NAME)";
				SKIP_INSTALL = YES;
			};
			name = Debug;
		};
		5519649A1648B69F005B639F /* Release */ = {
			isa = XCBuildConfiguration;
			buildSettings = {
				DSTROOT = /tmp/CoreCharts.dst;
				GCC_PRECOMPILE_PREFIX_HEADER = YES;
				GCC_PREFIX_HEADER = "CoreCharts/CoreCharts-Prefix.pch";
				OTHER_LDFLAGS = "-ObjC";
				PRODUCT_NAME = "$(TARGET_NAME)";
				SKIP_INSTALL = YES;
			};
			name = Release;
		};
		5519649C1648B69F005B639F /* Debug */ = {
			isa = XCBuildConfiguration;
			buildSettings = {
				FRAMEWORK_SEARCH_PATHS = (
					"\"$(SDKROOT)/Developer/Library/Frameworks\"",
					"\"$(DEVELOPER_LIBRARY_DIR)/Frameworks\"",
				);
				GCC_PRECOMPILE_PREFIX_HEADER = YES;
				GCC_PREFIX_HEADER = "CoreCharts/CoreCharts-Prefix.pch";
				INFOPLIST_FILE = "CoreChartsTests/CoreChartsTests-Info.plist";
				PRODUCT_NAME = "$(TARGET_NAME)";
				WRAPPER_EXTENSION = octest;
			};
			name = Debug;
		};
		5519649D1648B69F005B639F /* Release */ = {
			isa = XCBuildConfiguration;
			buildSettings = {
				FRAMEWORK_SEARCH_PATHS = (
					"\"$(SDKROOT)/Developer/Library/Frameworks\"",
					"\"$(DEVELOPER_LIBRARY_DIR)/Frameworks\"",
				);
				GCC_PRECOMPILE_PREFIX_HEADER = YES;
				GCC_PREFIX_HEADER = "CoreCharts/CoreCharts-Prefix.pch";
				INFOPLIST_FILE = "CoreChartsTests/CoreChartsTests-Info.plist";
				PRODUCT_NAME = "$(TARGET_NAME)";
				WRAPPER_EXTENSION = octest;
			};
			name = Release;
		};
/* End XCBuildConfiguration section */

/* Begin XCConfigurationList section */
		5519646D1648B69D005B639F /* Build configuration list for PBXProject "CoreCharts" */ = {
			isa = XCConfigurationList;
			buildConfigurations = (
				551964961648B69F005B639F /* Debug */,
				551964971648B69F005B639F /* Release */,
			);
			defaultConfigurationIsVisible = 0;
			defaultConfigurationName = Release;
		};
		551964981648B69F005B639F /* Build configuration list for PBXNativeTarget "CoreCharts" */ = {
			isa = XCConfigurationList;
			buildConfigurations = (
				551964991648B69F005B639F /* Debug */,
				5519649A1648B69F005B639F /* Release */,
			);
			defaultConfigurationIsVisible = 0;
			defaultConfigurationName = Release;
		};
		5519649B1648B69F005B639F /* Build configuration list for PBXNativeTarget "CoreChartsTests" */ = {
			isa = XCConfigurationList;
			buildConfigurations = (
				5519649C1648B69F005B639F /* Debug */,
				5519649D1648B69F005B639F /* Release */,
			);
			defaultConfigurationIsVisible = 0;
			defaultConfigurationName = Release;
		};
/* End XCConfigurationList section */
	};
	rootObject = 5519646A1648B69D005B639F /* Project object */;
}
